
Microsoft Visual Studio Solution File, Format Version 12.00
# Visual Studio Version 17
VisualStudioVersion = 17.3.32922.545
MinimumVisualStudioVersion = 10.0.40219.1
Project("{9A19103F-16F7-4668-BE54-9A1E7A4F7556}") = "BlazorWasm.Server", "BlazorWasm\Server\BlazorWasm.Server.csproj", "{EFD1E73C-47D4-41B6-A631-5E5291BB7835}"
EndProject
Project("{9A19103F-16F7-4668-BE54-9A1E7A4F7556}") = "BlazorWasm.Client", "BlazorWasm\Client\BlazorWasm.Client.csproj", "{6C54FECD-725F-455D-8E94-86BE454F8057}"
EndProject
Project("{9A19103F-16F7-4668-BE54-9A1E7A4F7556}") = "BlazorWasm.Shared", "BlazorWasm\Shared\BlazorWasm.Shared.csproj", "{5DC690B4-8BAB-4DF2-A47C-95026403FA3E}"
EndProject
Project("{9A19103F-16F7-4668-BE54-9A1E7A4F7556}") = "RazorClassLibrary", "RazorClassLibrary\RazorClassLibrary.csproj", "{03722054-3DEF-4C49-A12E-6F88209A0987}"
EndProject
Project("{2150E333-8FDC-42A3-9474-1A3956D46DE8}") = "Wasm", "Wasm", "{098C9213-926B-460C-9FFC-B7FBC8853A24}"
EndProject
Project("{9A19103F-16F7-4668-BE54-9A1E7A4F7556}") = "MauiAppBlazor", "MauiAppBlazor\MauiAppBlazor.csproj", "{F44AE350-66E4-4B25-8CC6-47255001DE7C}"
EndProject
Project("{2150E333-8FDC-42A3-9474-1A3956D46DE8}") = "솔루션 항목", "솔루션 항목", "{9965C20A-0D26-49D2-B349-CD7847E153F5}"
	ProjectSection(SolutionItems) = preProject
		.gitattributes = .gitattributes
		.gitignore = .gitignore
		README.md = README.md
	EndProjectSection
EndProject
Global
	GlobalSection(SolutionConfigurationPlatforms) = preSolution
		Debug|Any CPU = Debug|Any CPU
		Release|Any CPU = Release|Any CPU
	EndGlobalSection
	GlobalSection(ProjectConfigurationPlatforms) = postSolution
		{EFD1E73C-47D4-41B6-A631-5E5291BB7835}.Debug|Any CPU.ActiveCfg = Debug|Any CPU
		{EFD1E73C-47D4-41B6-A631-5E5291BB7835}.Debug|Any CPU.Build.0 = Debug|Any CPU
		{EFD1E73C-47D4-41B6-A631-5E5291BB7835}.Release|Any CPU.ActiveCfg = Release|Any CPU
		{EFD1E73C-47D4-41B6-A631-5E5291BB7835}.Release|Any CPU.Build.0 = Release|Any CPU
		{6C54FECD-725F-455D-8E94-86BE454F8057}.Debug|Any CPU.ActiveCfg = Debug|Any CPU
		{6C54FECD-725F-455D-8E94-86BE454F8057}.Debug|Any CPU.Build.0 = Debug|Any CPU
		{6C54FECD-725F-455D-8E94-86BE454F8057}.Release|Any CPU.ActiveCfg = Release|Any CPU
		{6C54FECD-725F-455D-8E94-86BE454F8057}.Release|Any CPU.Build.0 = Release|Any CPU
		{5DC690B4-8BAB-4DF2-A47C-95026403FA3E}.Debug|Any CPU.ActiveCfg = Debug|Any CPU
		{5DC690B4-8BAB-4DF2-A47C-95026403FA3E}.Debug|Any CPU.Build.0 = Debug|Any CPU
		{5DC690B4-8BAB-4DF2-A47C-95026403FA3E}.Release|Any CPU.ActiveCfg = Release|Any CPU
		{5DC690B4-8BAB-4DF2-A47C-95026403FA3E}.Release|Any CPU.Build.0 = Release|Any CPU
		{03722054-3DEF-4C49-A12E-6F88209A0987}.Debug|Any CPU.ActiveCfg = Debug|Any CPU
		{03722054-3DEF-4C49-A12E-6F88209A0987}.Debug|Any CPU.Build.0 = Debug|Any CPU
		{03722054-3DEF-4C49-A12E-6F88209A0987}.Release|Any CPU.ActiveCfg = Release|Any CPU
		{03722054-3DEF-4C49-A12E-6F88209A0987}.Release|Any CPU.Build.0 = Release|Any CPU
		{F44AE350-66E4-4B25-8CC6-47255001DE7C}.Debug|Any CPU.ActiveCfg = Debug|Any CPU
		{F44AE350-66E4-4B25-8CC6-47255001DE7C}.Debug|Any CPU.Build.0 = Debug|Any CPU
		{F44AE350-66E4-4B25-8CC6-47255001DE7C}.Debug|Any CPU.Deploy.0 = Debug|Any CPU
		{F44AE350-66E4-4B25-8CC6-47255001DE7C}.Release|Any CPU.ActiveCfg = Release|Any CPU
		{F44AE350-66E4-4B25-8CC6-47255001DE7C}.Release|Any CPU.Build.0 = Release|Any CPU
		{F44AE350-66E4-4B25-8CC6-47255001DE7C}.Release|Any CPU.Deploy.0 = Release|Any CPU
	EndGlobalSection
	GlobalSection(SolutionProperties) = preSolution
		HideSolutionNode = FALSE
	EndGlobalSection
	GlobalSection(NestedProjects) = preSolution
		{EFD1E73C-47D4-41B6-A631-5E5291BB7835} = {098C9213-926B-460C-9FFC-B7FBC8853A24}
		{6C54FECD-725F-455D-8E94-86BE454F8057} = {098C9213-926B-460C-9FFC-B7FBC8853A24}
		{5DC690B4-8BAB-4DF2-A47C-95026403FA3E} = {098C9213-926B-460C-9FFC-B7FBC8853A24}
	EndGlobalSection
	GlobalSection(ExtensibilityGlobals) = postSolution
		SolutionGuid = {2E249124-79EE-43E0-B2CD-B4367D0AE7FB}
	EndGlobalSection
EndGlobal
